
Microsoft Visual Studio Solution File, Format Version 12.00
# Visual Studio Version 17
VisualStudioVersion = 17.10.35122.118
MinimumVisualStudioVersion = 10.0.40219.1
Project("{9A19103F-16F7-4668-BE54-9A1E7A4F7556}") = "EdgeTTS", "EdgeTTS.csproj", "{394C15ED-38B0-4326-AC99-2ED55A212779}"
EndProject
Global
	GlobalSection(SolutionConfigurationPlatforms) = preSolution
		Debug|Any CPU = Debug|Any CPU
		Release|Any CPU = Release|Any CPU
	EndGlobalSection
	GlobalSection(ProjectConfigurationPlatforms) = postSolution
		{394C15ED-38B0-4326-AC99-2ED55A212779}.Debug|Any CPU.ActiveCfg = Debug|Any CPU
		{394C15ED-38B0-4326-AC99-2ED55A212779}.Debug|Any CPU.Build.0 = Debug|Any CPU
		{394C15ED-38B0-4326-AC99-2ED55A212779}.Release|Any CPU.ActiveCfg = Release|Any CPU
		{394C15ED-38B0-4326-AC99-2ED55A212779}.Release|Any CPU.Build.0 = Release|Any CPU
	EndGlobalSection
	GlobalSection(SolutionProperties) = preSolution
		HideSolutionNode = FALSE
	EndGlobalSection
	GlobalSection(ExtensibilityGlobals) = postSolution
		SolutionGuid = {8490107F-7FB4-4C86-9322-33F9A22210CC}
	EndGlobalSection
EndGlobal
